
Microsoft Visual Studio Solution File, Format Version 12.00
# Visual Studio Version 17
VisualStudioVersion = 17.3.32825.248
MinimumVisualStudioVersion = 10.0.40219.1
Project("{8BC9CEB8-8B4A-11D0-8D11-00A0C91BC942}") = "Project1.3", "Project1.3\Project1.3.vcxproj", "{282A962F-69DD-49B3-AB6A-0D054F415B54}"
EndProject
Project("{8BC9CEB8-8B4A-11D0-8D11-00A0C91BC942}") = "Project2", "Project2\Project2.vcxproj", "{E04F8808-F05A-4279-9A93-D81596F6B57D}"
EndProject
Project("{8BC9CEB8-8B4A-11D0-8D11-00A0C91BC942}") = "Project3", "Project3\Project3.vcxproj", "{716AF476-2B93-4573-A425-F764877EF501}"
EndProject
Project("{8BC9CEB8-8B4A-11D0-8D11-00A0C91BC942}") = "Project4", "Project4\Project4.vcxproj", "{ED9C1DD4-DF8E-44E1-8BFC-40970B0F6F07}"
EndProject
Project("{8BC9CEB8-8B4A-11D0-8D11-00A0C91BC942}") = "Project5", "Project5\Project5.vcxproj", "{09A8C6AB-EE19-472B-B51B-74ECF192A3F9}"
EndProject
Project("{8BC9CEB8-8B4A-11D0-8D11-00A0C91BC942}") = "Retry", "Retry\Retry.vcxproj", "{E7D3CBEF-F3BA-4F0C-8F03-7B43746B634A}"
EndProject
Project("{8BC9CEB8-8B4A-11D0-8D11-00A0C91BC942}") = "Project6", "Project6\Project6.vcxproj", "{5A8B62B4-5C10-4F3B-8E07-43B879108983}"
EndProject
Project("{8BC9CEB8-8B4A-11D0-8D11-00A0C91BC942}") = "Project7", "Project7\Project7.vcxproj", "{AF81BCDB-C940-456D-843D-CEA011E88B04}"
EndProject
Project("{8BC9CEB8-8B4A-11D0-8D11-00A0C91BC942}") = "Project8", "Project8\Project8.vcxproj", "{9640B7A5-7BD8-49B9-A0EC-4EDD51C8C7C2}"
EndProject
Project("{8BC9CEB8-8B4A-11D0-8D11-00A0C91BC942}") = "Project9", "Project9\Project9.vcxproj", "{332AC375-F3FA-42BF-A9CE-039565635002}"
EndProject
Project("{8BC9CEB8-8B4A-11D0-8D11-00A0C91BC942}") = "Project10", "Project10\Project10.vcxproj", "{AABA27D7-949F-4852-ADBE-CFBF6C6FD08B}"
EndProject
Project("{8BC9CEB8-8B4A-11D0-8D11-00A0C91BC942}") = "Project11", "Project11\Project11.vcxproj", "{8636DD54-9808-4459-854D-2A2EF5524F5D}"
EndProject
Project("{8BC9CEB8-8B4A-11D0-8D11-00A0C91BC942}") = "Project12", "Project12\Project12.vcxproj", "{11636B87-0E72-4C45-A192-4039AA18B274}"
EndProject
Project("{8BC9CEB8-8B4A-11D0-8D11-00A0C91BC942}") = "Project13", "Project13\Project13.vcxproj", "{B9901FC1-01BC-4F82-89F5-34A0B232B64B}"
EndProject
Project("{8BC9CEB8-8B4A-11D0-8D11-00A0C91BC942}") = "Project14", "Project14\Project14.vcxproj", "{80A82B98-7B92-4655-B03E-4A93789DB50C}"
EndProject
Project("{8BC9CEB8-8B4A-11D0-8D11-00A0C91BC942}") = "Project15", "Project15\Project15.vcxproj", "{F349DFC3-A6D8-4E24-BAB0-C662F17EBD54}"
EndProject
Project("{8BC9CEB8-8B4A-11D0-8D11-00A0C91BC942}") = "Project", "Project\Project.vcxproj", "{AC8641A7-F6BF-4D26-BFE3-12EBB7EE6A59}"
EndProject
Project("{8BC9CEB8-8B4A-11D0-8D11-00A0C91BC942}") = "Project16", "Project16\Project16.vcxproj", "{1A54075F-DB35-4C75-9B4B-D4783C76C02D}"
EndProject
Project("{8BC9CEB8-8B4A-11D0-8D11-00A0C91BC942}") = "Project17", "Project17\Project17.vcxproj", "{C26C02B6-5BAB-4755-8C8F-B54627B5F120}"
EndProject
Global
	GlobalSection(SolutionConfigurationPlatforms) = preSolution
		Debug|x64 = Debug|x64
		Debug|x86 = Debug|x86
		Release|x64 = Release|x64
		Release|x86 = Release|x86
	EndGlobalSection
	GlobalSection(ProjectConfigurationPlatforms) = postSolution
		{282A962F-69DD-49B3-AB6A-0D054F415B54}.Debug|x64.ActiveCfg = Debug|x64
		{282A962F-69DD-49B3-AB6A-0D054F415B54}.Debug|x64.Build.0 = Debug|x64
		{282A962F-69DD-49B3-AB6A-0D054F415B54}.Debug|x86.ActiveCfg = Debug|Win32
		{282A962F-69DD-49B3-AB6A-0D054F415B54}.Debug|x86.Build.0 = Debug|Win32
		{282A962F-69DD-49B3-AB6A-0D054F415B54}.Release|x64.ActiveCfg = Release|x64
		{282A962F-69DD-49B3-AB6A-0D054F415B54}.Release|x64.Build.0 = Release|x64
		{282A962F-69DD-49B3-AB6A-0D054F415B54}.Release|x86.ActiveCfg = Release|Win32
		{282A962F-69DD-49B3-AB6A-0D054F415B54}.Release|x86.Build.0 = Release|Win32
		{E04F8808-F05A-4279-9A93-D81596F6B57D}.Debug|x64.ActiveCfg = Debug|x64
		{E04F8808-F05A-4279-9A93-D81596F6B57D}.Debug|x64.Build.0 = Debug|x64
		{E04F8808-F05A-4279-9A93-D81596F6B57D}.Debug|x86.ActiveCfg = Debug|Win32
		{E04F8808-F05A-4279-9A93-D81596F6B57D}.Debug|x86.Build.0 = Debug|Win32
		{E04F8808-F05A-4279-9A93-D81596F6B57D}.Release|x64.ActiveCfg = Release|x64
		{E04F8808-F05A-4279-9A93-D81596F6B57D}.Release|x64.Build.0 = Release|x64
		{E04F8808-F05A-4279-9A93-D81596F6B57D}.Release|x86.ActiveCfg = Release|Win32
		{E04F8808-F05A-4279-9A93-D81596F6B57D}.Release|x86.Build.0 = Release|Win32
		{716AF476-2B93-4573-A425-F764877EF501}.Debug|x64.ActiveCfg = Debug|x64
		{716AF476-2B93-4573-A425-F764877EF501}.Debug|x64.Build.0 = Debug|x64
		{716AF476-2B93-4573-A425-F764877EF501}.Debug|x86.ActiveCfg = Debug|Win32
		{716AF476-2B93-4573-A425-F764877EF501}.Debug|x86.Build.0 = Debug|Win32
		{716AF476-2B93-4573-A425-F764877EF501}.Release|x64.ActiveCfg = Release|x64
		{716AF476-2B93-4573-A425-F764877EF501}.Release|x64.Build.0 = Release|x64
		{716AF476-2B93-4573-A425-F764877EF501}.Release|x86.ActiveCfg = Release|Win32
		{716AF476-2B93-4573-A425-F764877EF501}.Release|x86.Build.0 = Release|Win32
		{ED9C1DD4-DF8E-44E1-8BFC-40970B0F6F07}.Debug|x64.ActiveCfg = Debug|x64
		{ED9C1DD4-DF8E-44E1-8BFC-40970B0F6F07}.Debug|x64.Build.0 = Debug|x64
		{ED9C1DD4-DF8E-44E1-8BFC-40970B0F6F07}.Debug|x86.ActiveCfg = Debug|Win32
		{ED9C1DD4-DF8E-44E1-8BFC-40970B0F6F07}.Debug|x86.Build.0 = Debug|Win32
		{ED9C1DD4-DF8E-44E1-8BFC-40970B0F6F07}.Release|x64.ActiveCfg = Release|x64
		{ED9C1DD4-DF8E-44E1-8BFC-40970B0F6F07}.Release|x64.Build.0 = Release|x64
		{ED9C1DD4-DF8E-44E1-8BFC-40970B0F6F07}.Release|x86.ActiveCfg = Release|Win32
		{ED9C1DD4-DF8E-44E1-8BFC-40970B0F6F07}.Release|x86.Build.0 = Release|Win32
		{09A8C6AB-EE19-472B-B51B-74ECF192A3F9}.Debug|x64.ActiveCfg = Debug|x64
		{09A8C6AB-EE19-472B-B51B-74ECF192A3F9}.Debug|x64.Build.0 = Debug|x64
		{09A8C6AB-EE19-472B-B51B-74ECF192A3F9}.Debug|x86.ActiveCfg = Debug|Win32
		{09A8C6AB-EE19-472B-B51B-74ECF192A3F9}.Debug|x86.Build.0 = Debug|Win32
		{09A8C6AB-EE19-472B-B51B-74ECF192A3F9}.Release|x64.ActiveCfg = Release|x64
		{09A8C6AB-EE19-472B-B51B-74ECF192A3F9}.Release|x64.Build.0 = Release|x64
		{09A8C6AB-EE19-472B-B51B-74ECF192A3F9}.Release|x86.ActiveCfg = Release|Win32
		{09A8C6AB-EE19-472B-B51B-74ECF192A3F9}.Release|x86.Build.0 = Release|Win32
		{E7D3CBEF-F3BA-4F0C-8F03-7B43746B634A}.Debug|x64.ActiveCfg = Debug|x64
		{E7D3CBEF-F3BA-4F0C-8F03-7B43746B634A}.Debug|x64.Build.0 = Debug|x64
		{E7D3CBEF-F3BA-4F0C-8F03-7B43746B634A}.Debug|x86.ActiveCfg = Debug|Win32
		{E7D3CBEF-F3BA-4F0C-8F03-7B43746B634A}.Debug|x86.Build.0 = Debug|Win32
		{E7D3CBEF-F3BA-4F0C-8F03-7B43746B634A}.Release|x64.ActiveCfg = Release|x64
		{E7D3CBEF-F3BA-4F0C-8F03-7B43746B634A}.Release|x64.Build.0 = Release|x64
		{E7D3CBEF-F3BA-4F0C-8F03-7B43746B634A}.Release|x86.ActiveCfg = Release|Win32
		{E7D3CBEF-F3BA-4F0C-8F03-7B43746B634A}.Release|x86.Build.0 = Release|Win32
		{5A8B62B4-5C10-4F3B-8E07-43B879108983}.Debug|x64.ActiveCfg = Debug|x64
		{5A8B62B4-5C10-4F3B-8E07-43B879108983}.Debug|x64.Build.0 = Debug|x64
		{5A8B62B4-5C10-4F3B-8E07-43B879108983}.Debug|x86.ActiveCfg = Debug|Win32
		{5A8B62B4-5C10-4F3B-8E07-43B879108983}.Debug|x86.Build.0 = Debug|Win32
		{5A8B62B4-5C10-4F3B-8E07-43B879108983}.Release|x64.ActiveCfg = Release|x64
		{5A8B62B4-5C10-4F3B-8E07-43B879108983}.Release|x64.Build.0 = Release|x64
		{5A8B62B4-5C10-4F3B-8E07-43B879108983}.Release|x86.ActiveCfg = Release|Win32
		{5A8B62B4-5C10-4F3B-8E07-43B879108983}.Release|x86.Build.0 = Release|Win32
		{AF81BCDB-C940-456D-843D-CEA011E88B04}.Debug|x64.ActiveCfg = Debug|x64
		{AF81BCDB-C940-456D-843D-CEA011E88B04}.Debug|x64.Build.0 = Debug|x64
		{AF81BCDB-C940-456D-843D-CEA011E88B04}.Debug|x86.ActiveCfg = Debug|Win32
		{AF81BCDB-C940-456D-843D-CEA011E88B04}.Debug|x86.Build.0 = Debug|Win32
		{AF81BCDB-C940-456D-843D-CEA011E88B04}.Release|x64.ActiveCfg = Release|x64
		{AF81BCDB-C940-456D-843D-CEA011E88B04}.Release|x64.Build.0 = Release|x64
		{AF81BCDB-C940-456D-843D-CEA011E88B04}.Release|x86.ActiveCfg = Release|Win32
		{AF81BCDB-C940-456D-843D-CEA011E88B04}.Release|x86.Build.0 = Release|Win32
		{9640B7A5-7BD8-49B9-A0EC-4EDD51C8C7C2}.Debug|x64.ActiveCfg = Debug|x64
		{9640B7A5-7BD8-49B9-A0EC-4EDD51C8C7C2}.Debug|x64.Build.0 = Debug|x64
		{9640B7A5-7BD8-49B9-A0EC-4EDD51C8C7C2}.Debug|x86.ActiveCfg = Debug|Win32
		{9640B7A5-7BD8-49B9-A0EC-4EDD51C8C7C2}.Debug|x86.Build.0 = Debug|Win32
		{9640B7A5-7BD8-49B9-A0EC-4EDD51C8C7C2}.Release|x64.ActiveCfg = Release|x64
		{9640B7A5-7BD8-49B9-A0EC-4EDD51C8C7C2}.Release|x64.Build.0 = Release|x64
		{9640B7A5-7BD8-49B9-A0EC-4EDD51C8C7C2}.Release|x86.ActiveCfg = Release|Win32
		{9640B7A5-7BD8-49B9-A0EC-4EDD51C8C7C2}.Release|x86.Build.0 = Release|Win32
		{332AC375-F3FA-42BF-A9CE-039565635002}.Debug|x64.ActiveCfg = Debug|x64
		{332AC375-F3FA-42BF-A9CE-039565635002}.Debug|x64.Build.0 = Debug|x64
		{332AC375-F3FA-42BF-A9CE-039565635002}.Debug|x86.ActiveCfg = Debug|Win32
		{332AC375-F3FA-42BF-A9CE-039565635002}.Debug|x86.Build.0 = Debug|Win32
		{332AC375-F3FA-42BF-A9CE-039565635002}.Release|x64.ActiveCfg = Release|x64
		{332AC375-F3FA-42BF-A9CE-039565635002}.Release|x64.Build.0 = Release|x64
		{332AC375-F3FA-42BF-A9CE-039565635002}.Release|x86.ActiveCfg = Release|Win32
		{332AC375-F3FA-42BF-A9CE-039565635002}.Release|x86.Build.0 = Release|Win32
		{AABA27D7-949F-4852-ADBE-CFBF6C6FD08B}.Debug|x64.ActiveCfg = Debug|x64
		{AABA27D7-949F-4852-ADBE-CFBF6C6FD08B}.Debug|x64.Build.0 = Debug|x64
		{AABA27D7-949F-4852-ADBE-CFBF6C6FD08B}.Debug|x86.ActiveCfg = Debug|Win32
		{AABA27D7-949F-4852-ADBE-CFBF6C6FD08B}.Debug|x86.Build.0 = Debug|Win32
		{AABA27D7-949F-4852-ADBE-CFBF6C6FD08B}.Release|x64.ActiveCfg = Release|x64
		{AABA27D7-949F-4852-ADBE-CFBF6C6FD08B}.Release|x64.Build.0 = Release|x64
		{AABA27D7-949F-4852-ADBE-CFBF6C6FD08B}.Release|x86.ActiveCfg = Release|Win32
		{AABA27D7-949F-4852-ADBE-CFBF6C6FD08B}.Release|x86.Build.0 = Release|Win32
		{8636DD54-9808-4459-854D-2A2EF5524F5D}.Debug|x64.ActiveCfg = Debug|x64
		{8636DD54-9808-4459-854D-2A2EF5524F5D}.Debug|x64.Build.0 = Debug|x64
		{8636DD54-9808-4459-854D-2A2EF5524F5D}.Debug|x86.ActiveCfg = Debug|Win32
		{8636DD54-9808-4459-854D-2A2EF5524F5D}.Debug|x86.Build.0 = Debug|Win32
		{8636DD54-9808-4459-854D-2A2EF5524F5D}.Release|x64.ActiveCfg = Release|x64
		{8636DD54-9808-4459-854D-2A2EF5524F5D}.Release|x64.Build.0 = Release|x64
		{8636DD54-9808-4459-854D-2A2EF5524F5D}.Release|x86.ActiveCfg = Release|Win32
		{8636DD54-9808-4459-854D-2A2EF5524F5D}.Release|x86.Build.0 = Release|Win32
		{11636B87-0E72-4C45-A192-4039AA18B274}.Debug|x64.ActiveCfg = Debug|x64
		{11636B87-0E72-4C45-A192-4039AA18B274}.Debug|x64.Build.0 = Debug|x64
		{11636B87-0E72-4C45-A192-4039AA18B274}.Debug|x86.ActiveCfg = Debug|Win32
		{11636B87-0E72-4C45-A192-4039AA18B274}.Debug|x86.Build.0 = Debug|Win32
		{11636B87-0E72-4C45-A192-4039AA18B274}.Release|x64.ActiveCfg = Release|x64
		{11636B87-0E72-4C45-A192-4039AA18B274}.Release|x64.Build.0 = Release|x64
		{11636B87-0E72-4C45-A192-4039AA18B274}.Release|x86.ActiveCfg = Release|Win32
		{11636B87-0E72-4C45-A192-4039AA18B274}.Release|x86.Build.0 = Release|Win32
		{B9901FC1-01BC-4F82-89F5-34A0B232B64B}.Debug|x64.ActiveCfg = Debug|x64
		{B9901FC1-01BC-4F82-89F5-34A0B232B64B}.Debug|x64.Build.0 = Debug|x64
		{B9901FC1-01BC-4F82-89F5-34A0B232B64B}.Debug|x86.ActiveCfg = Debug|Win32
		{B9901FC1-01BC-4F82-89F5-34A0B232B64B}.Debug|x86.Build.0 = Debug|Win32
		{B9901FC1-01BC-4F82-89F5-34A0B232B64B}.Release|x64.ActiveCfg = Release|x64
		{B9901FC1-01BC-4F82-89F5-34A0B232B64B}.Release|x64.Build.0 = Release|x64
		{B9901FC1-01BC-4F82-89F5-34A0B232B64B}.Release|x86.ActiveCfg = Release|Win32
		{B9901FC1-01BC-4F82-89F5-34A0B232B64B}.Release|x86.Build.0 = Release|Win32
		{80A82B98-7B92-4655-B03E-4A93789DB50C}.Debug|x64.ActiveCfg = Debug|x64
		{80A82B98-7B92-4655-B03E-4A93789DB50C}.Debug|x64.Build.0 = Debug|x64
		{80A82B98-7B92-4655-B03E-4A93789DB50C}.Debug|x86.ActiveCfg = Debug|Win32
		{80A82B98-7B92-4655-B03E-4A93789DB50C}.Debug|x86.Build.0 = Debug|Win32
		{80A82B98-7B92-4655-B03E-4A93789DB50C}.Release|x64.ActiveCfg = Release|x64
		{80A82B98-7B92-4655-B03E-4A93789DB50C}.Release|x64.Build.0 = Release|x64
		{80A82B98-7B92-4655-B03E-4A93789DB50C}.Release|x86.ActiveCfg = Release|Win32
		{80A82B98-7B92-4655-B03E-4A93789DB50C}.Release|x86.Build.0 = Release|Win32
		{F349DFC3-A6D8-4E24-BAB0-C662F17EBD54}.Debug|x64.ActiveCfg = Debug|x64
		{F349DFC3-A6D8-4E24-BAB0-C662F17EBD54}.Debug|x64.Build.0 = Debug|x64
		{F349DFC3-A6D8-4E24-BAB0-C662F17EBD54}.Debug|x86.ActiveCfg = Debug|Win32
		{F349DFC3-A6D8-4E24-BAB0-C662F17EBD54}.Debug|x86.Build.0 = Debug|Win32
		{F349DFC3-A6D8-4E24-BAB0-C662F17EBD54}.Release|x64.ActiveCfg = Release|x64
		{F349DFC3-A6D8-4E24-BAB0-C662F17EBD54}.Release|x64.Build.0 = Release|x64
		{F349DFC3-A6D8-4E24-BAB0-C662F17EBD54}.Release|x86.ActiveCfg = Release|Win32
		{F349DFC3-A6D8-4E24-BAB0-C662F17EBD54}.Release|x86.Build.0 = Release|Win32
		{AC8641A7-F6BF-4D26-BFE3-12EBB7EE6A59}.Debug|x64.ActiveCfg = Debug|x64
		{AC8641A7-F6BF-4D26-BFE3-12EBB7EE6A59}.Debug|x64.Build.0 = Debug|x64
		{AC8641A7-F6BF-4D26-BFE3-12EBB7EE6A59}.Debug|x86.ActiveCfg = Debug|Win32
		{AC8641A7-F6BF-4D26-BFE3-12EBB7EE6A59}.Debug|x86.Build.0 = Debug|Win32
		{AC8641A7-F6BF-4D26-BFE3-12EBB7EE6A59}.Release|x64.ActiveCfg = Release|x64
		{AC8641A7-F6BF-4D26-BFE3-12EBB7EE6A59}.Release|x64.Build.0 = Release|x64
		{AC8641A7-F6BF-4D26-BFE3-12EBB7EE6A59}.Release|x86.ActiveCfg = Release|Win32
		{AC8641A7-F6BF-4D26-BFE3-12EBB7EE6A59}.Release|x86.Build.0 = Release|Win32
		{1A54075F-DB35-4C75-9B4B-D4783C76C02D}.Debug|x64.ActiveCfg = Debug|x64
		{1A54075F-DB35-4C75-9B4B-D4783C76C02D}.Debug|x64.Build.0 = Debug|x64
		{1A54075F-DB35-4C75-9B4B-D4783C76C02D}.Debug|x86.ActiveCfg = Debug|Win32
		{1A54075F-DB35-4C75-9B4B-D4783C76C02D}.Debug|x86.Build.0 = Debug|Win32
		{1A54075F-DB35-4C75-9B4B-D4783C76C02D}.Release|x64.ActiveCfg = Release|x64
		{1A54075F-DB35-4C75-9B4B-D4783C76C02D}.Release|x64.Build.0 = Release|x64
		{1A54075F-DB35-4C75-9B4B-D4783C76C02D}.Release|x86.ActiveCfg = Release|Win32
		{1A54075F-DB35-4C75-9B4B-D4783C76C02D}.Release|x86.Build.0 = Release|Win32
		{C26C02B6-5BAB-4755-8C8F-B54627B5F120}.Debug|x64.ActiveCfg = Debug|x64
		{C26C02B6-5BAB-4755-8C8F-B54627B5F120}.Debug|x64.Build.0 = Debug|x64
		{C26C02B6-5BAB-4755-8C8F-B54627B5F120}.Debug|x86.ActiveCfg = Debug|Win32
		{C26C02B6-5BAB-4755-8C8F-B54627B5F120}.Debug|x86.Build.0 = Debug|Win32
		{C26C02B6-5BAB-4755-8C8F-B54627B5F120}.Release|x64.ActiveCfg = Release|x64
		{C26C02B6-5BAB-4755-8C8F-B54627B5F120}.Release|x64.Build.0 = Release|x64
		{C26C02B6-5BAB-4755-8C8F-B54627B5F120}.Release|x86.ActiveCfg = Release|Win32
		{C26C02B6-5BAB-4755-8C8F-B54627B5F120}.Release|x86.Build.0 = Release|Win32
	EndGlobalSection
	GlobalSection(SolutionProperties) = preSolution
		HideSolutionNode = FALSE
	EndGlobalSection
	GlobalSection(ExtensibilityGlobals) = postSolution
		SolutionGuid = {8087BAC3-A947-4E75-8A02-8FCEAF53393D}
	EndGlobalSection
EndGlobal
